// !$*UTF8*$!
{
	archiveVersion = 1;
	classes = {
	};
	objectVersion = 50;
	objects = {

/* Begin PBXBuildFile section */
		409398CD226FB5ED0053780B /* Item.swift in Sources */ = {isa = PBXBuildFile; fileRef = 409398CC226FB5ED0053780B /* Item.swift */; };
		409398CF226FB5F40053780B /* Category.swift in Sources */ = {isa = PBXBuildFile; fileRef = 409398CE226FB5F40053780B /* Category.swift */; };
		409398D12270E1A20053780B /* SwipeTableViewController.swift in Sources */ = {isa = PBXBuildFile; fileRef = 409398D02270E1A20053780B /* SwipeTableViewController.swift */; };
		40DF3CF6226A88B1008722EA /* AppDelegate.swift in Sources */ = {isa = PBXBuildFile; fileRef = 40DF3CF5226A88B1008722EA /* AppDelegate.swift */; };
		40DF3CF8226A88B1008722EA /* TodoListViewController.swift in Sources */ = {isa = PBXBuildFile; fileRef = 40DF3CF7226A88B1008722EA /* TodoListViewController.swift */; };
		40DF3CFB226A88B1008722EA /* Main.storyboard in Resources */ = {isa = PBXBuildFile; fileRef = 40DF3CF9226A88B1008722EA /* Main.storyboard */; };
		40DF3D00226A88B2008722EA /* Assets.xcassets in Resources */ = {isa = PBXBuildFile; fileRef = 40DF3CFF226A88B2008722EA /* Assets.xcassets */; };
		40DF3D03226A88B2008722EA /* LaunchScreen.storyboard in Resources */ = {isa = PBXBuildFile; fileRef = 40DF3D01226A88B2008722EA /* LaunchScreen.storyboard */; };
		40DF3D11226F7352008722EA /* CategoryViewController.swift in Sources */ = {isa = PBXBuildFile; fileRef = 40DF3D10226F7352008722EA /* CategoryViewController.swift */; };
		D12F6B8D80566566E0129271 /* Pods_Todo_List.framework in Frameworks */ = {isa = PBXBuildFile; fileRef = EB97094CE7F86922A589E6A3 /* Pods_Todo_List.framework */; };
/* End PBXBuildFile section */

/* Begin PBXFileReference section */
		409398CC226FB5ED0053780B /* Item.swift */ = {isa = PBXFileReference; lastKnownFileType = sourcecode.swift; path = Item.swift; sourceTree = "<group>"; };
		409398CE226FB5F40053780B /* Category.swift */ = {isa = PBXFileReference; lastKnownFileType = sourcecode.swift; path = Category.swift; sourceTree = "<group>"; };
		409398D02270E1A20053780B /* SwipeTableViewController.swift */ = {isa = PBXFileReference; lastKnownFileType = sourcecode.swift; path = SwipeTableViewController.swift; sourceTree = "<group>"; };
		40DF3CF2226A88B1008722EA /* Todo List.app */ = {isa = PBXFileReference; explicitFileType = wrapper.application; includeInIndex = 0; path = "Todo List.app"; sourceTree = BUILT_PRODUCTS_DIR; };
		40DF3CF5226A88B1008722EA /* AppDelegate.swift */ = {isa = PBXFileReference; lastKnownFileType = sourcecode.swift; path = AppDelegate.swift; sourceTree = "<group>"; };
		40DF3CF7226A88B1008722EA /* TodoListViewController.swift */ = {isa = PBXFileReference; lastKnownFileType = sourcecode.swift; path = TodoListViewController.swift; sourceTree = "<group>"; };
		40DF3CFA226A88B1008722EA /* Base */ = {isa = PBXFileReference; lastKnownFileType = file.storyboard; name = Base; path = Base.lproj/Main.storyboard; sourceTree = "<group>"; };
		40DF3CFF226A88B2008722EA /* Assets.xcassets */ = {isa = PBXFileReference; lastKnownFileType = folder.assetcatalog; path = Assets.xcassets; sourceTree = "<group>"; };
		40DF3D02226A88B2008722EA /* Base */ = {isa = PBXFileReference; lastKnownFileType = file.storyboard; name = Base; path = Base.lproj/LaunchScreen.storyboard; sourceTree = "<group>"; };
		40DF3D04226A88B2008722EA /* Info.plist */ = {isa = PBXFileReference; lastKnownFileType = text.plist.xml; path = Info.plist; sourceTree = "<group>"; };
		40DF3D10226F7352008722EA /* CategoryViewController.swift */ = {isa = PBXFileReference; lastKnownFileType = sourcecode.swift; path = CategoryViewController.swift; sourceTree = "<group>"; };
		A8DC316531CC158BF866CDE8 /* Pods-Todo List.release.xcconfig */ = {isa = PBXFileReference; includeInIndex = 1; lastKnownFileType = text.xcconfig; name = "Pods-Todo List.release.xcconfig"; path = "Target Support Files/Pods-Todo List/Pods-Todo List.release.xcconfig"; sourceTree = "<group>"; };
		D7B07D3A95C2DA27BBE7D9DD /* Pods-Todo List.debug.xcconfig */ = {isa = PBXFileReference; includeInIndex = 1; lastKnownFileType = text.xcconfig; name = "Pods-Todo List.debug.xcconfig"; path = "Target Support Files/Pods-Todo List/Pods-Todo List.debug.xcconfig"; sourceTree = "<group>"; };
		EB97094CE7F86922A589E6A3 /* Pods_Todo_List.framework */ = {isa = PBXFileReference; explicitFileType = wrapper.framework; includeInIndex = 0; path = Pods_Todo_List.framework; sourceTree = BUILT_PRODUCTS_DIR; };
/* End PBXFileReference section */

/* Begin PBXFrameworksBuildPhase section */
		40DF3CEF226A88B1008722EA /* Frameworks */ = {
			isa = PBXFrameworksBuildPhase;
			buildActionMask = 2147483647;
			files = (
				D12F6B8D80566566E0129271 /* Pods_Todo_List.framework in Frameworks */,
			);
			runOnlyForDeploymentPostprocessing = 0;
		};
/* End PBXFrameworksBuildPhase section */

/* Begin PBXGroup section */
		40DF3CE9226A88B1008722EA = {
			isa = PBXGroup;
			children = (
				40DF3CF4226A88B1008722EA /* Todo List */,
				40DF3CF3226A88B1008722EA /* Products */,
				B28FFCC2685BFEFBEC9DAB47 /* Pods */,
				571A2D7EDAC7836C1C7DB0DB /* Frameworks */,
			);
			sourceTree = "<group>";
		};
		40DF3CF3226A88B1008722EA /* Products */ = {
			isa = PBXGroup;
			children = (
				40DF3CF2226A88B1008722EA /* Todo List.app */,
			);
			name = Products;
			sourceTree = "<group>";
		};
		40DF3CF4226A88B1008722EA /* Todo List */ = {
			isa = PBXGroup;
			children = (
				40DF3CF5226A88B1008722EA /* AppDelegate.swift */,
				40DF3D0C226E21DA008722EA /* Controllers */,
				40DF3D0E226E2237008722EA /* Views */,
				40DF3D0D226E21E3008722EA /* Data Model */,
				40DF3D0F226E2246008722EA /* Supporting Files */,
				40DF3D04226A88B2008722EA /* Info.plist */,
			);
			path = "Todo List";
			sourceTree = "<group>";
		};
		40DF3D0C226E21DA008722EA /* Controllers */ = {
			isa = PBXGroup;
			children = (
				409398D02270E1A20053780B /* SwipeTableViewController.swift */,
				40DF3D10226F7352008722EA /* CategoryViewController.swift */,
				40DF3CF7226A88B1008722EA /* TodoListViewController.swift */,
			);
			path = Controllers;
			sourceTree = "<group>";
		};
		40DF3D0D226E21E3008722EA /* Data Model */ = {
			isa = PBXGroup;
			children = (
				409398CE226FB5F40053780B /* Category.swift */,
				409398CC226FB5ED0053780B /* Item.swift */,
			);
			path = "Data Model";
			sourceTree = "<group>";
		};
		40DF3D0E226E2237008722EA /* Views */ = {
			isa = PBXGroup;
			children = (
				40DF3CF9226A88B1008722EA /* Main.storyboard */,
			);
			path = Views;
			sourceTree = "<group>";
		};
		40DF3D0F226E2246008722EA /* Supporting Files */ = {
			isa = PBXGroup;
			children = (
				40DF3CFF226A88B2008722EA /* Assets.xcassets */,
				40DF3D01226A88B2008722EA /* LaunchScreen.storyboard */,
			);
			path = "Supporting Files";
			sourceTree = "<group>";
		};
		571A2D7EDAC7836C1C7DB0DB /* Frameworks */ = {
			isa = PBXGroup;
			children = (
				EB97094CE7F86922A589E6A3 /* Pods_Todo_List.framework */,
			);
			name = Frameworks;
			sourceTree = "<group>";
		};
		B28FFCC2685BFEFBEC9DAB47 /* Pods */ = {
			isa = PBXGroup;
			children = (
				D7B07D3A95C2DA27BBE7D9DD /* Pods-Todo List.debug.xcconfig */,
				A8DC316531CC158BF866CDE8 /* Pods-Todo List.release.xcconfig */,
			);
			path = Pods;
			sourceTree = "<group>";
		};
/* End PBXGroup section */

/* Begin PBXNativeTarget section */
		40DF3CF1226A88B1008722EA /* Todo List */ = {
			isa = PBXNativeTarget;
			buildConfigurationList = 40DF3D07226A88B2008722EA /* Build configuration list for PBXNativeTarget "Todo List" */;
			buildPhases = (
				BE897D0BCDACFC5DB6B8101C /* [CP] Check Pods Manifest.lock */,
				40DF3CEE226A88B1008722EA /* Sources */,
				40DF3CEF226A88B1008722EA /* Frameworks */,
				40DF3CF0226A88B1008722EA /* Resources */,
				7727AEA926294DB1355DB418 /* [CP] Embed Pods Frameworks */,
			);
			buildRules = (
			);
			dependencies = (
			);
			name = "Todo List";
			productName = "Todo List";
			productReference = 40DF3CF2226A88B1008722EA /* Todo List.app */;
			productType = "com.apple.product-type.application";
		};
/* End PBXNativeTarget section */

/* Begin PBXProject section */
		40DF3CEA226A88B1008722EA /* Project object */ = {
			isa = PBXProject;
			attributes = {
				LastSwiftUpdateCheck = 1020;
				LastUpgradeCheck = 1020;
				ORGANIZATIONNAME = Joe;
				TargetAttributes = {
					40DF3CF1226A88B1008722EA = {
						CreatedOnToolsVersion = 10.2.1;
					};
				};
			};
			buildConfigurationList = 40DF3CED226A88B1008722EA /* Build configuration list for PBXProject "Todo List" */;
			compatibilityVersion = "Xcode 9.3";
			developmentRegion = en;
			hasScannedForEncodings = 0;
			knownRegions = (
				en,
				Base,
			);
			mainGroup = 40DF3CE9226A88B1008722EA;
			productRefGroup = 40DF3CF3226A88B1008722EA /* Products */;
			projectDirPath = "";
			projectRoot = "";
			targets = (
				40DF3CF1226A88B1008722EA /* Todo List */,
			);
		};
/* End PBXProject section */

/* Begin PBXResourcesBuildPhase section */
		40DF3CF0226A88B1008722EA /* Resources */ = {
			isa = PBXResourcesBuildPhase;
			buildActionMask = 2147483647;
			files = (
				40DF3D03226A88B2008722EA /* LaunchScreen.storyboard in Resources */,
				40DF3D00226A88B2008722EA /* Assets.xcassets in Resources */,
				40DF3CFB226A88B1008722EA /* Main.storyboard in Resources */,
			);
			runOnlyForDeploymentPostprocessing = 0;
		};
/* End PBXResourcesBuildPhase section */

/* Begin PBXShellScriptBuildPhase section */
		7727AEA926294DB1355DB418 /* [CP] Embed Pods Frameworks */ = {
			isa = PBXShellScriptBuildPhase;
			buildActionMask = 2147483647;
			files = (
			);
			inputFileListPaths = (
			);
			inputPaths = (
				"${PODS_ROOT}/Target Support Files/Pods-Todo List/Pods-Todo List-frameworks.sh",
				"${BUILT_PRODUCTS_DIR}/ChameleonFramework/ChameleonFramework.framework",
				"${BUILT_PRODUCTS_DIR}/Realm/Realm.framework",
				"${BUILT_PRODUCTS_DIR}/RealmSwift/RealmSwift.framework",
				"${BUILT_PRODUCTS_DIR}/SwipeCellKit/SwipeCellKit.framework",
			);
			name = "[CP] Embed Pods Frameworks";
			outputFileListPaths = (
			);
			outputPaths = (
				"${TARGET_BUILD_DIR}/${FRAMEWORKS_FOLDER_PATH}/ChameleonFramework.framework",
				"${TARGET_BUILD_DIR}/${FRAMEWORKS_FOLDER_PATH}/Realm.framework",
				"${TARGET_BUILD_DIR}/${FRAMEWORKS_FOLDER_PATH}/RealmSwift.framework",
				"${TARGET_BUILD_DIR}/${FRAMEWORKS_FOLDER_PATH}/SwipeCellKit.framework",
			);
			runOnlyForDeploymentPostprocessing = 0;
			shellPath = /bin/sh;
			shellScript = "\"${PODS_ROOT}/Target Support Files/Pods-Todo List/Pods-Todo List-frameworks.sh\"\n";
			showEnvVarsInLog = 0;
		};
		BE897D0BCDACFC5DB6B8101C /* [CP] Check Pods Manifest.lock */ = {
			isa = PBXShellScriptBuildPhase;
			buildActionMask = 2147483647;
			files = (
			);
			inputFileListPaths = (
			);
			inputPaths = (
				"${PODS_PODFILE_DIR_PATH}/Podfile.lock",
				"${PODS_ROOT}/Manifest.lock",
			);
			name = "[CP] Check Pods Manifest.lock";
			outputFileListPaths = (
			);
			outputPaths = (
				"$(DERIVED_FILE_DIR)/Pods-Todo List-checkManifestLockResult.txt",
			);
			runOnlyForDeploymentPostprocessing = 0;
			shellPath = /bin/sh;
			shellScript = "diff \"${PODS_PODFILE_DIR_PATH}/Podfile.lock\" \"${PODS_ROOT}/Manifest.lock\" > /dev/null\nif [ $? != 0 ] ; then\n    # print error to STDERR\n    echo \"error: The sandbox is not in sync with the Podfile.lock. Run 'pod install' or update your CocoaPods installation.\" >&2\n    exit 1\nfi\n# This output is used by Xcode 'outputs' to avoid re-running this script phase.\necho \"SUCCESS\" > \"${SCRIPT_OUTPUT_FILE_0}\"\n";
			showEnvVarsInLog = 0;
		};
/* End PBXShellScriptBuildPhase section */

/* Begin PBXSourcesBuildPhase section */
		40DF3CEE226A88B1008722EA /* Sources */ = {
			isa = PBXSourcesBuildPhase;
			buildActionMask = 2147483647;
			files = (
				409398CD226FB5ED0053780B /* Item.swift in Sources */,
				40DF3D11226F7352008722EA /* CategoryViewController.swift in Sources */,
				40DF3CF8226A88B1008722EA /* TodoListViewController.swift in Sources */,
				40DF3CF6226A88B1008722EA /* AppDelegate.swift in Sources */,
				409398D12270E1A20053780B /* SwipeTableViewController.swift in Sources */,
				409398CF226FB5F40053780B /* Category.swift in Sources */,
			);
			runOnlyForDeploymentPostprocessing = 0;
		};
/* End PBXSourcesBuildPhase section */

/* Begin PBXVariantGroup section */
		40DF3CF9226A88B1008722EA /* Main.storyboard */ = {
			isa = PBXVariantGroup;
			children = (
				40DF3CFA226A88B1008722EA /* Base */,
			);
			name = Main.storyboard;
			sourceTree = "<group>";
		};
		40DF3D01226A88B2008722EA /* LaunchScreen.storyboard */ = {
			isa = PBXVariantGroup;
			children = (
				40DF3D02226A88B2008722EA /* Base */,
			);
			name = LaunchScreen.storyboard;
			sourceTree = "<group>";
		};
/* End PBXVariantGroup section */

/* Begin XCBuildConfiguration section */
		40DF3D05226A88B2008722EA /* Debug */ = {
			isa = XCBuildConfiguration;
			buildSettings = {
				ALWAYS_SEARCH_USER_PATHS = NO;
				CLANG_ANALYZER_NONNULL = YES;
				CLANG_ANALYZER_NUMBER_OBJECT_CONVERSION = YES_AGGRESSIVE;
				CLANG_CXX_LANGUAGE_STANDARD = "gnu++14";
				CLANG_CXX_LIBRARY = "libc++";
				CLANG_ENABLE_MODULES = YES;
				CLANG_ENABLE_OBJC_ARC = YES;
				CLANG_ENABLE_OBJC_WEAK = YES;
				CLANG_WARN_BLOCK_CAPTURE_AUTORELEASING = YES;
				CLANG_WARN_BOOL_CONVERSION = YES;
				CLANG_WARN_COMMA = YES;
				CLANG_WARN_CONSTANT_CONVERSION = YES;
				CLANG_WARN_DEPRECATED_OBJC_IMPLEMENTATIONS = YES;
				CLANG_WARN_DIRECT_OBJC_ISA_USAGE = YES_ERROR;
				CLANG_WARN_DOCUMENTATION_COMMENTS = YES;
				CLANG_WARN_EMPTY_BODY = YES;
				CLANG_WARN_ENUM_CONVERSION = YES;
				CLANG_WARN_INFINITE_RECURSION = YES;
				CLANG_WARN_INT_CONVERSION = YES;
				CLANG_WARN_NON_LITERAL_NULL_CONVERSION = YES;
				CLANG_WARN_OBJC_IMPLICIT_RETAIN_SELF = YES;
				CLANG_WARN_OBJC_LITERAL_CONVERSION = YES;
				CLANG_WARN_OBJC_ROOT_CLASS = YES_ERROR;
				CLANG_WARN_RANGE_LOOP_ANALYSIS = YES;
				CLANG_WARN_STRICT_PROTOTYPES = YES;
				CLANG_WARN_SUSPICIOUS_MOVE = YES;
				CLANG_WARN_UNGUARDED_AVAILABILITY = YES_AGGRESSIVE;
				CLANG_WARN_UNREACHABLE_CODE = YES;
				CLANG_WARN__DUPLICATE_METHOD_MATCH = YES;
				CODE_SIGN_IDENTITY = "iPhone Developer";
				COPY_PHASE_STRIP = NO;
				DEBUG_INFORMATION_FORMAT = dwarf;
				ENABLE_STRICT_OBJC_MSGSEND = YES;
				ENABLE_TESTABILITY = YES;
				GCC_C_LANGUAGE_STANDARD = gnu11;
				GCC_DYNAMIC_NO_PIC = NO;
				GCC_NO_COMMON_BLOCKS = YES;
				GCC_OPTIMIZATION_LEVEL = 0;
				GCC_PREPROCESSOR_DEFINITIONS = (
					"DEBUG=1",
					"$(inherited)",
				);
				GCC_WARN_64_TO_32_BIT_CONVERSION = YES;
				GCC_WARN_ABOUT_RETURN_TYPE = YES_ERROR;
				GCC_WARN_UNDECLARED_SELECTOR = YES;
				GCC_WARN_UNINITIALIZED_AUTOS = YES_AGGRESSIVE;
				GCC_WARN_UNUSED_FUNCTION = YES;
				GCC_WARN_UNUSED_VARIABLE = YES;
				IPHONEOS_DEPLOYMENT_TARGET = 12.2;
				MTL_ENABLE_DEBUG_INFO = INCLUDE_SOURCE;
				MTL_FAST_MATH = YES;
				ONLY_ACTIVE_ARCH = YES;
				SDKROOT = iphoneos;
				SWIFT_ACTIVE_COMPILATION_CONDITIONS = DEBUG;
				SWIFT_OPTIMIZATION_LEVEL = "-Onone";
			};
			name = Debug;
		};
		40DF3D06226A88B2008722EA /* Release */ = {
			isa = XCBuildConfiguration;
			buildSettings = {
				ALWAYS_SEARCH_USER_PATHS = NO;
				CLANG_ANALYZER_NONNULL = YES;
				CLANG_ANALYZER_NUMBER_OBJECT_CONVERSION = YES_AGGRESSIVE;
				CLANG_CXX_LANGUAGE_STANDARD = "gnu++14";
				CLANG_CXX_LIBRARY = "libc++";
				CLANG_ENABLE_MODULES = YES;
				CLANG_ENABLE_OBJC_ARC = YES;
				CLANG_ENABLE_OBJC_WEAK = YES;
				CLANG_WARN_BLOCK_CAPTURE_AUTORELEASING = YES;
				CLANG_WARN_BOOL_CONVERSION = YES;
				CLANG_WARN_COMMA = YES;
				CLANG_WARN_CONSTANT_CONVERSION = YES;
				CLANG_WARN_DEPRECATED_OBJC_IMPLEMENTATIONS = YES;
				CLANG_WARN_DIRECT_OBJC_ISA_USAGE = YES_ERROR;
				CLANG_WARN_DOCUMENTATION_COMMENTS = YES;
				CLANG_WARN_EMPTY_BODY = YES;
				CLANG_WARN_ENUM_CONVERSION = YES;
				CLANG_WARN_INFINITE_RECURSION = YES;
				CLANG_WARN_INT_CONVERSION = YES;
				CLANG_WARN_NON_LITERAL_NULL_CONVERSION = YES;
				CLANG_WARN_OBJC_IMPLICIT_RETAIN_SELF = YES;
				CLANG_WARN_OBJC_LITERAL_CONVERSION = YES;
				CLANG_WARN_OBJC_ROOT_CLASS = YES_ERROR;
				CLANG_WARN_RANGE_LOOP_ANALYSIS = YES;
				CLANG_WARN_STRICT_PROTOTYPES = YES;
				CLANG_WARN_SUSPICIOUS_MOVE = YES;
				CLANG_WARN_UNGUARDED_AVAILABILITY = YES_AGGRESSIVE;
				CLANG_WARN_UNREACHABLE_CODE = YES;
				CLANG_WARN__DUPLICATE_METHOD_MATCH = YES;
				CODE_SIGN_IDENTITY = "iPhone Developer";
				COPY_PHASE_STRIP = NO;
				DEBUG_INFORMATION_FORMAT = "dwarf-with-dsym";
				ENABLE_NS_ASSERTIONS = NO;
				ENABLE_STRICT_OBJC_MSGSEND = YES;
				GCC_C_LANGUAGE_STANDARD = gnu11;
				GCC_NO_COMMON_BLOCKS = YES;
				GCC_WARN_64_TO_32_BIT_CONVERSION = YES;
				GCC_WARN_ABOUT_RETURN_TYPE = YES_ERROR;
				GCC_WARN_UNDECLARED_SELECTOR = YES;
				GCC_WARN_UNINITIALIZED_AUTOS = YES_AGGRESSIVE;
				GCC_WARN_UNUSED_FUNCTION = YES;
				GCC_WARN_UNUSED_VARIABLE = YES;
				IPHONEOS_DEPLOYMENT_TARGET = 12.2;
				MTL_ENABLE_DEBUG_INFO = NO;
				MTL_FAST_MATH = YES;
				SDKROOT = iphoneos;
				SWIFT_COMPILATION_MODE = wholemodule;
				SWIFT_OPTIMIZATION_LEVEL = "-O";
				VALIDATE_PRODUCT = YES;
			};
			name = Release;
		};
		40DF3D08226A88B2008722EA /* Debug */ = {
			isa = XCBuildConfiguration;
			baseConfigurationReference = D7B07D3A95C2DA27BBE7D9DD /* Pods-Todo List.debug.xcconfig */;
			buildSettings = {
				ASSETCATALOG_COMPILER_APPICON_NAME = AppIcon;
				CODE_SIGN_STYLE = Automatic;
				DEVELOPMENT_TEAM = T2484D462G;
				INFOPLIST_FILE = "Todo List/Info.plist";
				LD_RUNPATH_SEARCH_PATHS = (
					"$(inherited)",
					"@executable_path/Frameworks",
				);
				PRODUCT_BUNDLE_IDENTIFIER = "com.GoofballDeveloper.Todo-List";
				PRODUCT_NAME = "$(TARGET_NAME)";
				SWIFT_VERSION = 5.0;
				TARGETED_DEVICE_FAMILY = "1,2";
			};
			name = Debug;
		};
		40DF3D09226A88B2008722EA /* Release */ = {
			isa = XCBuildConfiguration;
			baseConfigurationReference = A8DC316531CC158BF866CDE8 /* Pods-Todo List.release.xcconfig */;
			buildSettings = {
				ASSETCATALOG_COMPILER_APPICON_NAME = AppIcon;
				CODE_SIGN_STYLE = Automatic;
				DEVELOPMENT_TEAM = T2484D462G;
				INFOPLIST_FILE = "Todo List/Info.plist";
				LD_RUNPATH_SEARCH_PATHS = (
					"$(inherited)",
					"@executable_path/Frameworks",
				);
				PRODUCT_BUNDLE_IDENTIFIER = "com.GoofballDeveloper.Todo-List";
				PRODUCT_NAME = "$(TARGET_NAME)";
				SWIFT_VERSION = 5.0;
				TARGETED_DEVICE_FAMILY = "1,2";
			};
			name = Release;
		};
/* End XCBuildConfiguration section */

/* Begin XCConfigurationList section */
		40DF3CED226A88B1008722EA /* Build configuration list for PBXProject "Todo List" */ = {
			isa = XCConfigurationList;
			buildConfigurations = (
				40DF3D05226A88B2008722EA /* Debug */,
				40DF3D06226A88B2008722EA /* Release */,
			);
			defaultConfigurationIsVisible = 0;
			defaultConfigurationName = Release;
		};
		40DF3D07226A88B2008722EA /* Build configuration list for PBXNativeTarget "Todo List" */ = {
			isa = XCConfigurationList;
			buildConfigurations = (
				40DF3D08226A88B2008722EA /* Debug */,
				40DF3D09226A88B2008722EA /* Release */,
			);
			defaultConfigurationIsVisible = 0;
			defaultConfigurationName = Release;
		};
/* End XCConfigurationList section */
	};
	rootObject = 40DF3CEA226A88B1008722EA /* Project object */;
}
